
Microsoft Visual Studio Solution File, Format Version 12.00
# Visual Studio 2013
VisualStudioVersion = 12.0.40629.0
MinimumVisualStudioVersion = 10.0.40219.1
Project("{FAE04EC0-301F-11D3-BF4B-00C04F79EFBC}") = "NA.PMS.Web", "NA.PMS.Web\NA.PMS.Web.csproj", "{2466B5DE-0900-40D4-9440-9EC9709A8C64}"
EndProject
Project("{FAE04EC0-301F-11D3-BF4B-00C04F79EFBC}") = "NA.PMS.Service", "NA.PMS.Service\NA.PMS.Service.csproj", "{417CDCCD-FF20-402C-B727-B0778477FE4A}"
EndProject
Project("{FAE04EC0-301F-11D3-BF4B-00C04F79EFBC}") = "NA.PMS.Repository", "NA.PMS.Repository\NA.PMS.Repository.csproj", "{5EAAA54A-2386-45E3-9C0D-D14BCE8873E8}"
EndProject
Project("{FAE04EC0-301F-11D3-BF4B-00C04F79EFBC}") = "NA.PMS.Model", "NA.PMS.Model\NA.PMS.Model.csproj", "{A8B97D82-4A88-47F9-BAFE-21A94B364FD6}"
EndProject
Project("{FAE04EC0-301F-11D3-BF4B-00C04F79EFBC}") = "NA.PMS.Common", "NA.PMS.Common\NA.PMS.Common.csproj", "{01684905-86FB-43DC-8618-46BB341F3241}"
EndProject
Project("{FAE04EC0-301F-11D3-BF4B-00C04F79EFBC}") = "NA.PMS.Dal", "NA.PMS.Dal\NA.PMS.Dal.csproj", "{C3F16770-E087-4DE6-AD92-B7D4B0807A2B}"
EndProject
Project("{FAE04EC0-301F-11D3-BF4B-00C04F79EFBC}") = "NA.PMS.API", "NA.PMS.API\NA.PMS.API.csproj", "{16DDDF0C-570D-4B2E-971D-BFCDA59E0D07}"
EndProject
Project("{FAE04EC0-301F-11D3-BF4B-00C04F79EFBC}") = "NA.PMS.NICService", "NA.PMS.NICService\NA.PMS.NICService.csproj", "{6D60AAB7-CB7B-47BA-B958-FCC7D884790A}"
EndProject
Project("{FAE04EC0-301F-11D3-BF4B-00C04F79EFBC}") = "NA.PMS.MTC", "NA.PMS.MTC\NA.PMS.MTC.csproj", "{71AD302E-4F6F-43A9-82C2-AD7B36642A8C}"
EndProject
Project("{FAE04EC0-301F-11D3-BF4B-00C04F79EFBC}") = "NA.PMS.OnlineScheme", "NA.PMS.OnlineScheme\NA.PMS.OnlineScheme.csproj", "{6834F589-B23B-448F-8660-12454D38A19D}"
EndProject
Project("{FAE04EC0-301F-11D3-BF4B-00C04F79EFBC}") = "NA.PMS.UserManagement", "NA.PMS.UserManagement\NA.PMS.UserManagement.csproj", "{037FC688-D70F-4910-B1B3-8A61DCBCFD13}"
EndProject
Global
	GlobalSection(TeamFoundationVersionControl) = preSolution
		SccNumberOfProjects = 12
		SccEnterpriseProvider = {4CA58AB2-18FA-4F8D-95D4-32DDF27D184C}
		SccTeamFoundationServer = http://10.3.2.19:8080/tfs/noidaauthority
		SccLocalPath0 = .
		SccProjectUniqueName1 = NA.PMS.Web\\NA.PMS.Web.csproj
		SccProjectName1 = NA.PMS.Web
		SccLocalPath1 = NA.PMS.Web
		SccProjectUniqueName2 = NA.PMS.Service\\NA.PMS.Service.csproj
		SccProjectName2 = NA.PMS.Service
		SccLocalPath2 = NA.PMS.Service
		SccProjectUniqueName3 = NA.PMS.Repository\\NA.PMS.Repository.csproj
		SccProjectName3 = NA.PMS.Repository
		SccLocalPath3 = NA.PMS.Repository
		SccProjectUniqueName4 = NA.PMS.Model\\NA.PMS.Model.csproj
		SccProjectName4 = NA.PMS.Model
		SccLocalPath4 = NA.PMS.Model
		SccProjectUniqueName5 = NA.PMS.Common\\NA.PMS.Common.csproj
		SccProjectName5 = NA.PMS.Common
		SccLocalPath5 = NA.PMS.Common
		SccProjectUniqueName6 = NA.PMS.Dal\\NA.PMS.Dal.csproj
		SccProjectName6 = NA.PMS.Dal
		SccLocalPath6 = NA.PMS.Dal
		SccProjectUniqueName7 = NA.PMS.API\\NA.PMS.API.csproj
		SccProjectName7 = NA.PMS.API
		SccLocalPath7 = NA.PMS.API
		SccProjectUniqueName8 = NA.PMS.NICService\\NA.PMS.NICService.csproj
		SccProjectName8 = NA.PMS.NICService
		SccLocalPath8 = NA.PMS.NICService
		SccProjectUniqueName9 = NA.PMS.MTC\\NA.PMS.MTC.csproj
		SccProjectName9 = NA.PMS.MTC
		SccLocalPath9 = NA.PMS.MTC
		SccProjectUniqueName10 = NA.PMS.OnlineScheme\\NA.PMS.OnlineScheme.csproj
		SccProjectName10 = NA.PMS.OnlineScheme
		SccLocalPath10 = NA.PMS.OnlineScheme
		SccProjectUniqueName11 = NA.PMS.UserManagement\\NA.PMS.UserManagement.csproj
		SccProjectName11 = NA.PMS.UserManagement
		SccLocalPath11 = NA.PMS.UserManagement
	EndGlobalSection
	GlobalSection(SolutionConfigurationPlatforms) = preSolution
		Debug|Any CPU = Debug|Any CPU
		Release|Any CPU = Release|Any CPU
	EndGlobalSection
	GlobalSection(ProjectConfigurationPlatforms) = postSolution
		{2466B5DE-0900-40D4-9440-9EC9709A8C64}.Debug|Any CPU.ActiveCfg = Debug|Any CPU
		{2466B5DE-0900-40D4-9440-9EC9709A8C64}.Debug|Any CPU.Build.0 = Debug|Any CPU
		{2466B5DE-0900-40D4-9440-9EC9709A8C64}.Release|Any CPU.ActiveCfg = Release|Any CPU
		{2466B5DE-0900-40D4-9440-9EC9709A8C64}.Release|Any CPU.Build.0 = Release|Any CPU
		{417CDCCD-FF20-402C-B727-B0778477FE4A}.Debug|Any CPU.ActiveCfg = Debug|Any CPU
		{417CDCCD-FF20-402C-B727-B0778477FE4A}.Debug|Any CPU.Build.0 = Debug|Any CPU
		{417CDCCD-FF20-402C-B727-B0778477FE4A}.Release|Any CPU.ActiveCfg = Release|Any CPU
		{417CDCCD-FF20-402C-B727-B0778477FE4A}.Release|Any CPU.Build.0 = Release|Any CPU
		{5EAAA54A-2386-45E3-9C0D-D14BCE8873E8}.Debug|Any CPU.ActiveCfg = Debug|Any CPU
		{5EAAA54A-2386-45E3-9C0D-D14BCE8873E8}.Debug|Any CPU.Build.0 = Debug|Any CPU
		{5EAAA54A-2386-45E3-9C0D-D14BCE8873E8}.Release|Any CPU.ActiveCfg = Release|Any CPU
		{5EAAA54A-2386-45E3-9C0D-D14BCE8873E8}.Release|Any CPU.Build.0 = Release|Any CPU
		{A8B97D82-4A88-47F9-BAFE-21A94B364FD6}.Debug|Any CPU.ActiveCfg = Debug|Any CPU
		{A8B97D82-4A88-47F9-BAFE-21A94B364FD6}.Debug|Any CPU.Build.0 = Debug|Any CPU
		{A8B97D82-4A88-47F9-BAFE-21A94B364FD6}.Release|Any CPU.ActiveCfg = Release|Any CPU
		{A8B97D82-4A88-47F9-BAFE-21A94B364FD6}.Release|Any CPU.Build.0 = Release|Any CPU
		{01684905-86FB-43DC-8618-46BB341F3241}.Debug|Any CPU.ActiveCfg = Debug|Any CPU
		{01684905-86FB-43DC-8618-46BB341F3241}.Debug|Any CPU.Build.0 = Debug|Any CPU
		{01684905-86FB-43DC-8618-46BB341F3241}.Release|Any CPU.ActiveCfg = Release|Any CPU
		{01684905-86FB-43DC-8618-46BB341F3241}.Release|Any CPU.Build.0 = Release|Any CPU
		{C3F16770-E087-4DE6-AD92-B7D4B0807A2B}.Debug|Any CPU.ActiveCfg = Debug|Any CPU
		{C3F16770-E087-4DE6-AD92-B7D4B0807A2B}.Debug|Any CPU.Build.0 = Debug|Any CPU
		{C3F16770-E087-4DE6-AD92-B7D4B0807A2B}.Release|Any CPU.ActiveCfg = Release|Any CPU
		{C3F16770-E087-4DE6-AD92-B7D4B0807A2B}.Release|Any CPU.Build.0 = Release|Any CPU
		{16DDDF0C-570D-4B2E-971D-BFCDA59E0D07}.Debug|Any CPU.ActiveCfg = Debug|Any CPU
		{16DDDF0C-570D-4B2E-971D-BFCDA59E0D07}.Debug|Any CPU.Build.0 = Debug|Any CPU
		{16DDDF0C-570D-4B2E-971D-BFCDA59E0D07}.Release|Any CPU.ActiveCfg = Release|Any CPU
		{16DDDF0C-570D-4B2E-971D-BFCDA59E0D07}.Release|Any CPU.Build.0 = Release|Any CPU
		{6D60AAB7-CB7B-47BA-B958-FCC7D884790A}.Debug|Any CPU.ActiveCfg = Debug|Any CPU
		{6D60AAB7-CB7B-47BA-B958-FCC7D884790A}.Debug|Any CPU.Build.0 = Debug|Any CPU
		{6D60AAB7-CB7B-47BA-B958-FCC7D884790A}.Release|Any CPU.ActiveCfg = Release|Any CPU
		{6D60AAB7-CB7B-47BA-B958-FCC7D884790A}.Release|Any CPU.Build.0 = Release|Any CPU
		{71AD302E-4F6F-43A9-82C2-AD7B36642A8C}.Debug|Any CPU.ActiveCfg = Debug|Any CPU
		{71AD302E-4F6F-43A9-82C2-AD7B36642A8C}.Debug|Any CPU.Build.0 = Debug|Any CPU
		{71AD302E-4F6F-43A9-82C2-AD7B36642A8C}.Release|Any CPU.ActiveCfg = Release|Any CPU
		{71AD302E-4F6F-43A9-82C2-AD7B36642A8C}.Release|Any CPU.Build.0 = Release|Any CPU
		{6834F589-B23B-448F-8660-12454D38A19D}.Debug|Any CPU.ActiveCfg = Debug|Any CPU
		{6834F589-B23B-448F-8660-12454D38A19D}.Debug|Any CPU.Build.0 = Debug|Any CPU
		{6834F589-B23B-448F-8660-12454D38A19D}.Release|Any CPU.ActiveCfg = Release|Any CPU
		{6834F589-B23B-448F-8660-12454D38A19D}.Release|Any CPU.Build.0 = Release|Any CPU
		{037FC688-D70F-4910-B1B3-8A61DCBCFD13}.Debug|Any CPU.ActiveCfg = Debug|Any CPU
		{037FC688-D70F-4910-B1B3-8A61DCBCFD13}.Debug|Any CPU.Build.0 = Debug|Any CPU
		{037FC688-D70F-4910-B1B3-8A61DCBCFD13}.Release|Any CPU.ActiveCfg = Release|Any CPU
		{037FC688-D70F-4910-B1B3-8A61DCBCFD13}.Release|Any CPU.Build.0 = Release|Any CPU
	EndGlobalSection
	GlobalSection(SolutionProperties) = preSolution
		HideSolutionNode = FALSE
	EndGlobalSection
	GlobalSection(ExtensibilityGlobals) = postSolution
		SolutionGuid = {282016E1-BA7B-4A9B-A3C7-38EB1F2A1275}
	EndGlobalSection
EndGlobal
